
Microsoft Visual Studio Solution File, Format Version 12.00
# Visual Studio Version 16
VisualStudioVersion = 16.0.28803.916
MinimumVisualStudioVersion = 10.0.40219.1
Project("{FAE04EC0-301F-11D3-BF4B-00C04F79EFBC}") = "Aula6ex", "Aula6ex\Aula6ex.csproj", "{031E93B9-B54F-4EFA-8BB9-FF24B0AF0056}"
EndProject
Global
	GlobalSection(SolutionConfigurationPlatforms) = preSolution
		Debug|Any CPU = Debug|Any CPU
		Release|Any CPU = Release|Any CPU
	EndGlobalSection
	GlobalSection(ProjectConfigurationPlatforms) = postSolution
		{031E93B9-B54F-4EFA-8BB9-FF24B0AF0056}.Debug|Any CPU.ActiveCfg = Debug|Any CPU
		{031E93B9-B54F-4EFA-8BB9-FF24B0AF0056}.Debug|Any CPU.Build.0 = Debug|Any CPU
		{031E93B9-B54F-4EFA-8BB9-FF24B0AF0056}.Release|Any CPU.ActiveCfg = Release|Any CPU
		{031E93B9-B54F-4EFA-8BB9-FF24B0AF0056}.Release|Any CPU.Build.0 = Release|Any CPU
	EndGlobalSection
	GlobalSection(SolutionProperties) = preSolution
		HideSolutionNode = FALSE
	EndGlobalSection
	GlobalSection(ExtensibilityGlobals) = postSolution
		SolutionGuid = {71F10462-2B0C-48A2-9620-A074824CA718}
	EndGlobalSection
EndGlobal
