
Microsoft Visual Studio Solution File, Format Version 12.00
# Visual Studio Version 16
VisualStudioVersion = 16.0.28803.916
MinimumVisualStudioVersion = 10.0.40219.1
Project("{FAE04EC0-301F-11D3-BF4B-00C04F79EFBC}") = "Ingressos", "Ingressos\Ingressos.csproj", "{516C53DB-5394-4845-BA16-8D11B563DBC0}"
EndProject
Global
	GlobalSection(SolutionConfigurationPlatforms) = preSolution
		Debug|Any CPU = Debug|Any CPU
		Release|Any CPU = Release|Any CPU
	EndGlobalSection
	GlobalSection(ProjectConfigurationPlatforms) = postSolution
		{516C53DB-5394-4845-BA16-8D11B563DBC0}.Debug|Any CPU.ActiveCfg = Debug|Any CPU
		{516C53DB-5394-4845-BA16-8D11B563DBC0}.Debug|Any CPU.Build.0 = Debug|Any CPU
		{516C53DB-5394-4845-BA16-8D11B563DBC0}.Release|Any CPU.ActiveCfg = Release|Any CPU
		{516C53DB-5394-4845-BA16-8D11B563DBC0}.Release|Any CPU.Build.0 = Release|Any CPU
	EndGlobalSection
	GlobalSection(SolutionProperties) = preSolution
		HideSolutionNode = FALSE
	EndGlobalSection
	GlobalSection(ExtensibilityGlobals) = postSolution
		SolutionGuid = {B0F037C8-A8DE-4E53-815D-8A1717D644E0}
	EndGlobalSection
EndGlobal
